{
  "name": "walt",
  "version": "1.0.0",
  "lockfileVersion": 1,
  "requires": true,
  "dependencies": {
    "colors": {
      "version": "0.5.1",
      "resolved": "http://registry.npmjs.org/colors/-/colors-0.5.1.tgz",
      "integrity": "sha1-fQAj6usVTo7p/Oddy5I9DtFmd3Q="
    },
    "curry": {
      "version": "1.2.0",
      "resolved": "http://registry.npmjs.org/curry/-/curry-1.2.0.tgz",
      "integrity": "sha1-nm3SiVSNun5lPVrj/pA/59+zOvI="
    },
    "discontinuous-range": {
      "version": "1.0.0",
      "resolved": "https://registry.npmjs.org/discontinuous-range/-/discontinuous-range-1.0.0.tgz",
      "integrity": "sha1-44Mx8IRLukm5qctxx3FYWqsbxlo="
    },
    "invariant": {
      "version": "2.2.2",
      "resolved": "https://registry.npmjs.org/invariant/-/invariant-2.2.2.tgz",
      "integrity": "sha1-nh9WrArNtr8wMwbzOL47IErmA2A=",
      "requires": {
        "loose-envify": "^1.0.0"
      }
    },
    "js-tokens": {
      "version": "4.0.0",
      "resolved": "https://registry.npmjs.org/js-tokens/-/js-tokens-4.0.0.tgz",
      "integrity": "sha512-RdJUflcE3cUzKiMqQgsCu06FPu9UdIJO0beYbPhHN4k6apgJtifcoCtT9bcxOpYBtpD2kCM6Sbzg4CausW/PKQ=="
    },
    "loose-envify": {
      "version": "1.4.0",
      "resolved": "https://registry.npmjs.org/loose-envify/-/loose-envify-1.4.0.tgz",
      "integrity": "sha512-lyuxPGr/Wfhrlem2CL/UcnUc1zcqKAImBDzukY7Y5F/yQiNdko6+fRLevlw1HgMySw7f611UIY408EtxRSoK3Q==",
      "requires": {
        "js-tokens": "^3.0.0 || ^4.0.0"
      }
    },
    "moo": {
      "version": "0.4.3",
      "resolved": "https://registry.npmjs.org/moo/-/moo-0.4.3.tgz",
      "integrity": "sha512-gFD2xGCl8YFgGHsqJ9NKRVdwlioeW3mI1iqfLNYQOv0+6JRwG58Zk9DIGQgyIaffSYaO1xsKnMaYzzNr1KyIAw=="
    },
    "nearley": {
      "version": "2.15.1",
      "resolved": "https://registry.npmjs.org/nearley/-/nearley-2.15.1.tgz",
      "integrity": "sha512-8IUY/rUrKz2mIynUGh8k+tul1awMKEjeHHC5G3FHvvyAW6oq4mQfNp2c0BMea+sYZJvYcrrM6GmZVIle/GRXGw==",
      "requires": {
        "moo": "^0.4.3",
        "nomnom": "~1.6.2",
        "railroad-diagrams": "^1.0.0",
        "randexp": "0.4.6",
        "semver": "^5.4.1"
      }
    },
    "nomnom": {
      "version": "1.6.2",
      "resolved": "https://registry.npmjs.org/nomnom/-/nomnom-1.6.2.tgz",
      "integrity": "sha1-hKZqJgF0QI/Ft3oY+IjszET7aXE=",
      "requires": {
        "colors": "0.5.x",
        "underscore": "~1.4.4"
      }
    },
    "railroad-diagrams": {
      "version": "1.0.0",
      "resolved": "https://registry.npmjs.org/railroad-diagrams/-/railroad-diagrams-1.0.0.tgz",
      "integrity": "sha1-635iZ1SN3t+4mcG5Dlc3RVnN234="
    },
    "randexp": {
      "version": "0.4.6",
      "resolved": "https://registry.npmjs.org/randexp/-/randexp-0.4.6.tgz",
      "integrity": "sha512-80WNmd9DA0tmZrw9qQa62GPPWfuXJknrmVmLcxvq4uZBdYqb1wYoKTmnlGUchvVWe0XiLupYkBoXVOxz3C8DYQ==",
      "requires": {
        "discontinuous-range": "1.0.0",
        "ret": "~0.1.10"
      }
    },
    "ret": {
      "version": "0.1.15",
      "resolved": "https://registry.npmjs.org/ret/-/ret-0.1.15.tgz",
      "integrity": "sha512-TTlYpa+OL+vMMNG24xSlQGEJ3B/RzEfUlLct7b5G/ytav+wPrplCpVMFuwzXbkecJrb6IYo1iFb0S9v37754mg=="
    },
    "semver": {
      "version": "5.6.0",
      "resolved": "https://registry.npmjs.org/semver/-/semver-5.6.0.tgz",
      "integrity": "sha512-RS9R6R35NYgQn++fkDWaOmqGoj4Ek9gGs+DPxNUZKuwE183xjJroKvyo1IzVFeXvUrvmALy6FWD5xrdJT25gMg=="
    },
    "underscore": {
      "version": "1.4.4",
      "resolved": "http://registry.npmjs.org/underscore/-/underscore-1.4.4.tgz",
      "integrity": "sha1-YaajIBBiKvoHljvzJSA88SI51gQ="
    },
    "walt-compiler": {
      "version": "0.19.0",
      "resolved": "https://registry.npmjs.org/walt-compiler/-/walt-compiler-0.19.0.tgz",
      "integrity": "sha512-MydxMe9MGwdFxtb7VyJI+w17FHTPXNVKyM5SuOv/ckJN8ruMZ5d4LulMzbd7Vfn3AZTk21fR2XYwPnq45kzOpg==",
      "requires": {
        "curry": "1.2.0",
        "invariant": "2.2.2",
        "moo": "^0.4.3",
        "nearley": "^2.15.1",
        "walt-parser-tools": "^0.2.7",
        "walt-syntax": "^0.6.0",
        "wasm-types": "1.0.3"
      }
    },
    "walt-parser-tools": {
      "version": "0.2.7",
      "resolved": "https://registry.npmjs.org/walt-parser-tools/-/walt-parser-tools-0.2.7.tgz",
      "integrity": "sha512-oPj2UqFPw9PjOLxnnIDm4sWeZS86vwBN/DeCLLCxlXzsZN40qiSY1rgRIrL42+agsAB1rAl5E/7pW4uzEUkS/A==",
      "requires": {
        "xtend": "^4.0.1"
      }
    },
    "walt-syntax": {
      "version": "0.6.0",
      "resolved": "https://registry.npmjs.org/walt-syntax/-/walt-syntax-0.6.0.tgz",
      "integrity": "sha512-qSC1sHRx1L2g1HJ7ahilvCQb32NzlzgvgYC0qf8CwPyVP6uFVxaKHER8Mj4QLaDtyo/5Q7uJH6x+0c4swidepA=="
    },
    "wasm-types": {
      "version": "1.0.3",
      "resolved": "https://registry.npmjs.org/wasm-types/-/wasm-types-1.0.3.tgz",
      "integrity": "sha512-NjakjxCbrC0m4uNENhiFzEmj64DBw9EWxDs8SvS/TYxZqrwVLKBN3U8B8FPVDqOH2HMsBHu27G2i3gFMBkqSRg=="
    },
    "xtend": {
      "version": "4.0.1",
      "resolved": "https://registry.npmjs.org/xtend/-/xtend-4.0.1.tgz",
      "integrity": "sha1-pcbVMr5lbiPbgg77lDofBJmNY68="
    }
  }
}
