{
  "name": "walt",
  "version": "1.0.0",
  "lockfileVersion": 1,
  "requires": true,
  "dependencies": {
    "commander": {
      "version": "2.19.0",
      "resolved": "https://registry.npmjs.org/commander/-/commander-2.19.0.tgz",
      "integrity": "sha512-6tvAOO+D6OENvRAh524Dh9jcfKTYDQAqvqezbCW82xj5X0pSrcpxtvRKHLG0yBY6SD7PSDrJaj+0AiOcKVd1Xg=="
    },
    "curry": {
      "version": "1.2.0",
      "resolved": "https://registry.npmjs.org/curry/-/curry-1.2.0.tgz",
      "integrity": "sha1-nm3SiVSNun5lPVrj/pA/59+zOvI="
    },
    "discontinuous-range": {
      "version": "1.0.0",
      "resolved": "https://registry.npmjs.org/discontinuous-range/-/discontinuous-range-1.0.0.tgz",
      "integrity": "sha1-44Mx8IRLukm5qctxx3FYWqsbxlo="
    },
    "invariant": {
      "version": "2.2.2",
      "resolved": "https://registry.npmjs.org/invariant/-/invariant-2.2.2.tgz",
      "integrity": "sha1-nh9WrArNtr8wMwbzOL47IErmA2A=",
      "requires": {
        "loose-envify": "^1.0.0"
      }
    },
    "js-tokens": {
      "version": "4.0.0",
      "resolved": "https://registry.npmjs.org/js-tokens/-/js-tokens-4.0.0.tgz",
      "integrity": "sha512-RdJUflcE3cUzKiMqQgsCu06FPu9UdIJO0beYbPhHN4k6apgJtifcoCtT9bcxOpYBtpD2kCM6Sbzg4CausW/PKQ=="
    },
    "loose-envify": {
      "version": "1.4.0",
      "resolved": "https://registry.npmjs.org/loose-envify/-/loose-envify-1.4.0.tgz",
      "integrity": "sha512-lyuxPGr/Wfhrlem2CL/UcnUc1zcqKAImBDzukY7Y5F/yQiNdko6+fRLevlw1HgMySw7f611UIY408EtxRSoK3Q==",
      "requires": {
        "js-tokens": "^3.0.0 || ^4.0.0"
      }
    },
    "moo": {
      "version": "0.4.3",
      "resolved": "https://registry.npmjs.org/moo/-/moo-0.4.3.tgz",
      "integrity": "sha512-gFD2xGCl8YFgGHsqJ9NKRVdwlioeW3mI1iqfLNYQOv0+6JRwG58Zk9DIGQgyIaffSYaO1xsKnMaYzzNr1KyIAw=="
    },
    "nearley": {
      "version": "2.16.0",
      "resolved": "https://registry.npmjs.org/nearley/-/nearley-2.16.0.tgz",
      "integrity": "sha512-Tr9XD3Vt/EujXbZBv6UAHYoLUSMQAxSsTnm9K3koXzjzNWY195NqALeyrzLZBKzAkL3gl92BcSogqrHjD8QuUg==",
      "requires": {
        "commander": "^2.19.0",
        "moo": "^0.4.3",
        "railroad-diagrams": "^1.0.0",
        "randexp": "0.4.6",
        "semver": "^5.4.1"
      }
    },
    "railroad-diagrams": {
      "version": "1.0.0",
      "resolved": "https://registry.npmjs.org/railroad-diagrams/-/railroad-diagrams-1.0.0.tgz",
      "integrity": "sha1-635iZ1SN3t+4mcG5Dlc3RVnN234="
    },
    "randexp": {
      "version": "0.4.6",
      "resolved": "https://registry.npmjs.org/randexp/-/randexp-0.4.6.tgz",
      "integrity": "sha512-80WNmd9DA0tmZrw9qQa62GPPWfuXJknrmVmLcxvq4uZBdYqb1wYoKTmnlGUchvVWe0XiLupYkBoXVOxz3C8DYQ==",
      "requires": {
        "discontinuous-range": "1.0.0",
        "ret": "~0.1.10"
      }
    },
    "ret": {
      "version": "0.1.15",
      "resolved": "https://registry.npmjs.org/ret/-/ret-0.1.15.tgz",
      "integrity": "sha512-TTlYpa+OL+vMMNG24xSlQGEJ3B/RzEfUlLct7b5G/ytav+wPrplCpVMFuwzXbkecJrb6IYo1iFb0S9v37754mg=="
    },
    "semver": {
      "version": "5.7.0",
      "resolved": "https://registry.npmjs.org/semver/-/semver-5.7.0.tgz",
      "integrity": "sha512-Ya52jSX2u7QKghxeoFGpLwCtGlt7j0oY9DYb5apt9nPlJ42ID+ulTXESnt/qAQcoSERyZ5sl3LDIOw0nAn/5DA=="
    },
    "walt-compiler": {
      "version": "0.21.0",
      "resolved": "https://registry.npmjs.org/walt-compiler/-/walt-compiler-0.21.0.tgz",
      "integrity": "sha512-DeBVAvDYBOqzC4ahFY4G7z+UNpxd4DarY9bmAuQExt5XdMSWNrW8+B2nx5ok/M6GKRZsl89pEYscz3rl4iph8g==",
      "requires": {
        "curry": "1.2.0",
        "invariant": "2.2.2",
        "moo": "^0.4.3",
        "nearley": "^2.15.1",
        "walt-parser-tools": "^0.2.8",
        "walt-syntax": "^0.7.0",
        "wasm-types": "1.0.3"
      }
    },
    "walt-parser-tools": {
      "version": "0.2.8",
      "resolved": "https://registry.npmjs.org/walt-parser-tools/-/walt-parser-tools-0.2.8.tgz",
      "integrity": "sha512-hRfDd1xCwZzZ9La2NimE/k4RAVABsdIrKXnU9OynMbvli5P9PFYyJlp0fz4j1uY+qgpj4Ulb6mIM8peOPid92g==",
      "requires": {
        "xtend": "^4.0.1"
      }
    },
    "walt-syntax": {
      "version": "0.7.0",
      "resolved": "https://registry.npmjs.org/walt-syntax/-/walt-syntax-0.7.0.tgz",
      "integrity": "sha512-GEx4vpSZxSbwdliWn/QCG4uqlY7fpV48cPpSXM7zH+cQ2IV04f3/L6dHw8V8VvtoV6Scam2KHQ3nMktlsNPRig=="
    },
    "wasm-types": {
      "version": "1.0.3",
      "resolved": "https://registry.npmjs.org/wasm-types/-/wasm-types-1.0.3.tgz",
      "integrity": "sha512-NjakjxCbrC0m4uNENhiFzEmj64DBw9EWxDs8SvS/TYxZqrwVLKBN3U8B8FPVDqOH2HMsBHu27G2i3gFMBkqSRg=="
    },
    "xtend": {
      "version": "4.0.1",
      "resolved": "https://registry.npmjs.org/xtend/-/xtend-4.0.1.tgz",
      "integrity": "sha1-pcbVMr5lbiPbgg77lDofBJmNY68="
    }
  }
}
