# THIS IS AN AUTOGENERATED FILE. DO NOT EDIT THIS FILE DIRECTLY.
# yarn lockfile v1


assemblyscript@^0.14.11:
  version "0.14.11"
  resolved "https://registry.yarnpkg.com/assemblyscript/-/assemblyscript-0.14.11.tgz#b37f2fca898e0a980dc9f30e8e9deca22cbbf1b5"
  integrity sha512-If7HuhmV5thbOBJH13fP4aPmazYeVXkEuzdZZRgknIBeOkObXWB4v3/rpGPFxkNW4Q5+rc2YWefjOdWK8OVIig==
  dependencies:
    binaryen "97.0.0-nightly.20200919"
    long "^4.0.0"

binaryen@97.0.0-nightly.20200919:
  version "97.0.0-nightly.20200919"
  resolved "https://registry.yarnpkg.com/binaryen/-/binaryen-97.0.0-nightly.20200919.tgz#40660f7c355701f8e7d842fb894e4dded564ac1a"
  integrity sha512-BqKZxONTh53SVl2QUqVidoSo/nvL6FMKUG21SvB6V46M1Y6EbJrXES5Nt2c9XYveWpJjA297zIoxTUdI/PMDSA==

long@^4.0.0:
  version "4.0.0"
  resolved "https://registry.yarnpkg.com/long/-/long-4.0.0.tgz#9a7b71cfb7d361a194ea555241c92f7468d5bf28"
  integrity sha512-XsP+KhQif4bjX1kbuSiySJFNAehNxgLb6hPRGJ9QsUr8ajHkuXGdrHmFUTUUXhDwVX2R5bY4JNZEwbUiMhV+MA==
