# THIS IS AN AUTOGENERATED FILE. DO NOT EDIT THIS FILE DIRECTLY.
# yarn lockfile v1


assemblyscript@^0.8.1-nightly.20191209:
  version "0.8.1-nightly.20191209"
  resolved "https://registry.yarnpkg.com/assemblyscript/-/assemblyscript-0.8.1-nightly.20191209.tgz#3530162d3a25e3c757090181b74fcd4932e0710b"
  integrity sha512-ou7TZB/phMoeCO2j/9GupRfnFoqjuhqIWzB8fuTl5yvGbAkp9PZVhEj/Cpa2hw2LjkxqItQjHCWJ7ESM3rR4LQ==
  dependencies:
    binaryen "89.0.0-nightly.20191204"
    long "^4.0.0"

binaryen@89.0.0-nightly.20191204:
  version "89.0.0-nightly.20191204"
  resolved "https://registry.yarnpkg.com/binaryen/-/binaryen-89.0.0-nightly.20191204.tgz#7a22760acaf6ea0e3bb7dc10221a0bb2065e4383"
  integrity sha512-CBdF3JyEP1pngWGT2cnue0vtA2f/Tc6v6/7HV6u5eHLvX59aN16tsy2DGkw2rMA15OKc4S0WEP2/paOdviUfrA==

long@^4.0.0:
  version "4.0.0"
  resolved "https://registry.yarnpkg.com/long/-/long-4.0.0.tgz#9a7b71cfb7d361a194ea555241c92f7468d5bf28"
  integrity sha512-XsP+KhQif4bjX1kbuSiySJFNAehNxgLb6hPRGJ9QsUr8ajHkuXGdrHmFUTUUXhDwVX2R5bY4JNZEwbUiMhV+MA==
