# THIS IS AN AUTOGENERATED FILE. DO NOT EDIT THIS FILE DIRECTLY.
# yarn lockfile v1


assemblyscript@0.8.1-nightly.20200101:
  version "0.8.1-nightly.20200101"
  resolved "https://registry.yarnpkg.com/assemblyscript/-/assemblyscript-0.8.1-nightly.20200101.tgz#a441f690e084d922613dbd83fab5179cdcfc6fa7"
  integrity sha512-cKGZ/F8Lf8Z3PIZnuxXpZBTydai0W0L2ewFZKXE1rUyRivgvIAH4p83ruSaZwhXKk3PfKaIKwJjRvOJPoW9A/g==
  dependencies:
    binaryen "90.0.0-nightly.20191231"
    long "^4.0.0"

binaryen@90.0.0-nightly.20191231:
  version "90.0.0-nightly.20191231"
  resolved "https://registry.yarnpkg.com/binaryen/-/binaryen-90.0.0-nightly.20191231.tgz#7347e03eea6c7262618a8d2f379ebf6f030498a8"
  integrity sha512-tGdUtnz8wB4vohHcAwQr3MAFbrGM1DhvxlinsVB2tX+Q9FfMqUxcSXDOacLeLA2vy0xgKXOx9JHdF8N3k3tmjw==

long@^4.0.0:
  version "4.0.0"
  resolved "https://registry.yarnpkg.com/long/-/long-4.0.0.tgz#9a7b71cfb7d361a194ea555241c92f7468d5bf28"
  integrity sha512-XsP+KhQif4bjX1kbuSiySJFNAehNxgLb6hPRGJ9QsUr8ajHkuXGdrHmFUTUUXhDwVX2R5bY4JNZEwbUiMhV+MA==
